
Microsoft Visual Studio Solution File, Format Version 12.00
# Visual Studio Version 17
VisualStudioVersion = 17.8.34330.188
MinimumVisualStudioVersion = 10.0.40219.1
Project("{FAE04EC0-301F-11D3-BF4B-00C04F79EFBC}") = "lab9", "lab9.csproj", "{58605D28-00C8-443B-BA0B-631D222826DB}"
EndProject
Global
	GlobalSection(SolutionConfigurationPlatforms) = preSolution
		Debug|Any CPU = Debug|Any CPU
		Release|Any CPU = Release|Any CPU
	EndGlobalSection
	GlobalSection(ProjectConfigurationPlatforms) = postSolution
		{58605D28-00C8-443B-BA0B-631D222826DB}.Debug|Any CPU.ActiveCfg = Debug|Any CPU
		{58605D28-00C8-443B-BA0B-631D222826DB}.Debug|Any CPU.Build.0 = Debug|Any CPU
		{58605D28-00C8-443B-BA0B-631D222826DB}.Release|Any CPU.ActiveCfg = Release|Any CPU
		{58605D28-00C8-443B-BA0B-631D222826DB}.Release|Any CPU.Build.0 = Release|Any CPU
	EndGlobalSection
	GlobalSection(SolutionProperties) = preSolution
		HideSolutionNode = FALSE
	EndGlobalSection
	GlobalSection(ExtensibilityGlobals) = postSolution
		SolutionGuid = {A52D90DC-550C-4207-A62F-FE51AE110ABB}
	EndGlobalSection
EndGlobal
