
Microsoft Visual Studio Solution File, Format Version 12.00
# Visual Studio Version 17
VisualStudioVersion = 17.8.34330.188
MinimumVisualStudioVersion = 10.0.40219.1
Project("{FAE04EC0-301F-11D3-BF4B-00C04F79EFBC}") = "Labaratotnia7", "Labaratotnia7.csproj", "{0AD1D380-C751-4A72-8130-FE8E7F104555}"
EndProject
Global
	GlobalSection(SolutionConfigurationPlatforms) = preSolution
		Debug|Any CPU = Debug|Any CPU
		Release|Any CPU = Release|Any CPU
	EndGlobalSection
	GlobalSection(ProjectConfigurationPlatforms) = postSolution
		{0AD1D380-C751-4A72-8130-FE8E7F104555}.Debug|Any CPU.ActiveCfg = Debug|Any CPU
		{0AD1D380-C751-4A72-8130-FE8E7F104555}.Debug|Any CPU.Build.0 = Debug|Any CPU
		{0AD1D380-C751-4A72-8130-FE8E7F104555}.Release|Any CPU.ActiveCfg = Release|Any CPU
		{0AD1D380-C751-4A72-8130-FE8E7F104555}.Release|Any CPU.Build.0 = Release|Any CPU
	EndGlobalSection
	GlobalSection(SolutionProperties) = preSolution
		HideSolutionNode = FALSE
	EndGlobalSection
	GlobalSection(ExtensibilityGlobals) = postSolution
		SolutionGuid = {6F7B1B83-22C6-4A98-B44B-6C44ECCBBA57}
	EndGlobalSection
EndGlobal
