
Microsoft Visual Studio Solution File, Format Version 12.00
# Visual Studio Version 17
VisualStudioVersion = 17.8.34330.188
MinimumVisualStudioVersion = 10.0.40219.1
Project("{FAE04EC0-301F-11D3-BF4B-00C04F79EFBC}") = "ConsoleApp1", "ConsoleApp1.csproj", "{866C82E3-B5B4-4B31-8696-EABC80564103}"
EndProject
Global
	GlobalSection(SolutionConfigurationPlatforms) = preSolution
		Debug|Any CPU = Debug|Any CPU
		Release|Any CPU = Release|Any CPU
	EndGlobalSection
	GlobalSection(ProjectConfigurationPlatforms) = postSolution
		{866C82E3-B5B4-4B31-8696-EABC80564103}.Debug|Any CPU.ActiveCfg = Debug|Any CPU
		{866C82E3-B5B4-4B31-8696-EABC80564103}.Debug|Any CPU.Build.0 = Debug|Any CPU
		{866C82E3-B5B4-4B31-8696-EABC80564103}.Release|Any CPU.ActiveCfg = Release|Any CPU
		{866C82E3-B5B4-4B31-8696-EABC80564103}.Release|Any CPU.Build.0 = Release|Any CPU
	EndGlobalSection
	GlobalSection(SolutionProperties) = preSolution
		HideSolutionNode = FALSE
	EndGlobalSection
	GlobalSection(ExtensibilityGlobals) = postSolution
		SolutionGuid = {5C4A3AEC-B87C-4CB0-B07F-938EBE660490}
	EndGlobalSection
EndGlobal
